
Microsoft Visual Studio Solution File, Format Version 12.00
# Visual Studio 15
VisualStudioVersion = 15.0.26430.6
MinimumVisualStudioVersion = 10.0.40219.1
Project("{FAE04EC0-301F-11D3-BF4B-00C04F79EFBC}") = "Group-Web-App", "WebApplication1\Group-Web-App.csproj", "{AB28BB54-28E2-4109-84BD-E00D62486386}"
	ProjectSection(ProjectDependencies) = postProject
		{110DA810-6B17-46FD-B5F3-9A649E3CA4A8} = {110DA810-6B17-46FD-B5F3-9A649E3CA4A8}
	EndProjectSection
EndProject
Project("{FAE04EC0-301F-11D3-BF4B-00C04F79EFBC}") = "SnapFramework", "..\..\..\..\Desktop\CCCSnap\SnapFramework\SnapFramework.csproj", "{110DA810-6B17-46FD-B5F3-9A649E3CA4A8}"
EndProject
Global
	GlobalSection(SolutionConfigurationPlatforms) = preSolution
		Debug|Any CPU = Debug|Any CPU
		Release|Any CPU = Release|Any CPU
	EndGlobalSection
	GlobalSection(ProjectConfigurationPlatforms) = postSolution
		{AB28BB54-28E2-4109-84BD-E00D62486386}.Debug|Any CPU.ActiveCfg = Debug|Any CPU
		{AB28BB54-28E2-4109-84BD-E00D62486386}.Debug|Any CPU.Build.0 = Debug|Any CPU
		{AB28BB54-28E2-4109-84BD-E00D62486386}.Release|Any CPU.ActiveCfg = Release|Any CPU
		{AB28BB54-28E2-4109-84BD-E00D62486386}.Release|Any CPU.Build.0 = Release|Any CPU
		{110DA810-6B17-46FD-B5F3-9A649E3CA4A8}.Debug|Any CPU.ActiveCfg = Debug|Any CPU
		{110DA810-6B17-46FD-B5F3-9A649E3CA4A8}.Debug|Any CPU.Build.0 = Debug|Any CPU
		{110DA810-6B17-46FD-B5F3-9A649E3CA4A8}.Release|Any CPU.ActiveCfg = Release|Any CPU
		{110DA810-6B17-46FD-B5F3-9A649E3CA4A8}.Release|Any CPU.Build.0 = Release|Any CPU
	EndGlobalSection
	GlobalSection(SolutionProperties) = preSolution
		HideSolutionNode = FALSE
	EndGlobalSection
EndGlobal
